// !$*UTF8*$!
{
	archiveVersion = 1;
	classes = {
	};
	objectVersion = 46;
	objects = {

/* Begin PBXBuildFile section */
		3F1F3DF0198687F2006437E4 /* Main.iPad.storyboard in Resources */ = {isa = PBXBuildFile; fileRef = 3F1F3DEF198687F2006437E4 /* Main.iPad.storyboard */; };
		3F1F3DF2198689E7006437E4 /* mount-fuji-and-mount-hoei.jpg in Resources */ = {isa = PBXBuildFile; fileRef = 3F1F3DF1198689E7006437E4 /* mount-fuji-and-mount-hoei.jpg */; };
		3F1F3DF519869719006437E4 /* EHMountainPath.m in Sources */ = {isa = PBXBuildFile; fileRef = 3F1F3DF419869719006437E4 /* EHMountainPath.m */; };
		3F1F3DF819869AA6006437E4 /* EHPathView.m in Sources */ = {isa = PBXBuildFile; fileRef = 3F1F3DF719869AA6006437E4 /* EHPathView.m */; };
		3F784BA5198678BD00D277EE /* Foundation.framework in Frameworks */ = {isa = PBXBuildFile; fileRef = 3F784BA4198678BD00D277EE /* Foundation.framework */; };
		3F784BA7198678BD00D277EE /* CoreGraphics.framework in Frameworks */ = {isa = PBXBuildFile; fileRef = 3F784BA6198678BD00D277EE /* CoreGraphics.framework */; };
		3F784BA9198678BD00D277EE /* UIKit.framework in Frameworks */ = {isa = PBXBuildFile; fileRef = 3F784BA8198678BD00D277EE /* UIKit.framework */; };
		3F784BAF198678BD00D277EE /* InfoPlist.strings in Resources */ = {isa = PBXBuildFile; fileRef = 3F784BAD198678BD00D277EE /* InfoPlist.strings */; };
		3F784BB1198678BD00D277EE /* main.m in Sources */ = {isa = PBXBuildFile; fileRef = 3F784BB0198678BD00D277EE /* main.m */; };
		3F784BB5198678BD00D277EE /* EHAppDelegate.m in Sources */ = {isa = PBXBuildFile; fileRef = 3F784BB4198678BD00D277EE /* EHAppDelegate.m */; };
		3F784BB8198678BD00D277EE /* Main.iPhone.storyboard in Resources */ = {isa = PBXBuildFile; fileRef = 3F784BB6198678BD00D277EE /* Main.iPhone.storyboard */; };
		3F784BBB198678BD00D277EE /* EHViewController.m in Sources */ = {isa = PBXBuildFile; fileRef = 3F784BBA198678BD00D277EE /* EHViewController.m */; };
		3F784BBD198678BD00D277EE /* Images.xcassets in Resources */ = {isa = PBXBuildFile; fileRef = 3F784BBC198678BD00D277EE /* Images.xcassets */; };
		3F784BC4198678BD00D277EE /* XCTest.framework in Frameworks */ = {isa = PBXBuildFile; fileRef = 3F784BC3198678BD00D277EE /* XCTest.framework */; };
		3F784BC5198678BD00D277EE /* Foundation.framework in Frameworks */ = {isa = PBXBuildFile; fileRef = 3F784BA4198678BD00D277EE /* Foundation.framework */; };
		3F784BC6198678BD00D277EE /* UIKit.framework in Frameworks */ = {isa = PBXBuildFile; fileRef = 3F784BA8198678BD00D277EE /* UIKit.framework */; };
		3F784BCE198678BD00D277EE /* InfoPlist.strings in Resources */ = {isa = PBXBuildFile; fileRef = 3F784BCC198678BD00D277EE /* InfoPlist.strings */; };
		3F784BD0198678BD00D277EE /* Race_to_the_TopTests.m in Sources */ = {isa = PBXBuildFile; fileRef = 3F784BCF198678BD00D277EE /* Race_to_the_TopTests.m */; };
		3F784BDB198678FD00D277EE /* EHSpaceShipView.m in Sources */ = {isa = PBXBuildFile; fileRef = 3F784BDA198678FD00D277EE /* EHSpaceShipView.m */; };
/* End PBXBuildFile section */

/* Begin PBXContainerItemProxy section */
		3F784BC7198678BD00D277EE /* PBXContainerItemProxy */ = {
			isa = PBXContainerItemProxy;
			containerPortal = 3F784B99198678BD00D277EE /* Project object */;
			proxyType = 1;
			remoteGlobalIDString = 3F784BA0198678BD00D277EE;
			remoteInfo = "Race to the Top";
		};
/* End PBXContainerItemProxy section */

/* Begin PBXFileReference section */
		3F1F3DEF198687F2006437E4 /* Main.iPad.storyboard */ = {isa = PBXFileReference; fileEncoding = 4; lastKnownFileType = file.storyboard; path = Main.iPad.storyboard; sourceTree = "<group>"; };
		3F1F3DF1198689E7006437E4 /* mount-fuji-and-mount-hoei.jpg */ = {isa = PBXFileReference; lastKnownFileType = image.jpeg; path = "mount-fuji-and-mount-hoei.jpg"; sourceTree = "<group>"; };
		3F1F3DF319869719006437E4 /* EHMountainPath.h */ = {isa = PBXFileReference; fileEncoding = 4; lastKnownFileType = sourcecode.c.h; path = EHMountainPath.h; sourceTree = "<group>"; };
		3F1F3DF419869719006437E4 /* EHMountainPath.m */ = {isa = PBXFileReference; fileEncoding = 4; lastKnownFileType = sourcecode.c.objc; path = EHMountainPath.m; sourceTree = "<group>"; };
		3F1F3DF619869AA6006437E4 /* EHPathView.h */ = {isa = PBXFileReference; fileEncoding = 4; lastKnownFileType = sourcecode.c.h; path = EHPathView.h; sourceTree = "<group>"; };
		3F1F3DF719869AA6006437E4 /* EHPathView.m */ = {isa = PBXFileReference; fileEncoding = 4; lastKnownFileType = sourcecode.c.objc; path = EHPathView.m; sourceTree = "<group>"; };
		3F784BA1198678BD00D277EE /* Race to the Top.app */ = {isa = PBXFileReference; explicitFileType = wrapper.application; includeInIndex = 0; path = "Race to the Top.app"; sourceTree = BUILT_PRODUCTS_DIR; };
		3F784BA4198678BD00D277EE /* Foundation.framework */ = {isa = PBXFileReference; lastKnownFileType = wrapper.framework; name = Foundation.framework; path = System/Library/Frameworks/Foundation.framework; sourceTree = SDKROOT; };
		3F784BA6198678BD00D277EE /* CoreGraphics.framework */ = {isa = PBXFileReference; lastKnownFileType = wrapper.framework; name = CoreGraphics.framework; path = System/Library/Frameworks/CoreGraphics.framework; sourceTree = SDKROOT; };
		3F784BA8198678BD00D277EE /* UIKit.framework */ = {isa = PBXFileReference; lastKnownFileType = wrapper.framework; name = UIKit.framework; path = System/Library/Frameworks/UIKit.framework; sourceTree = SDKROOT; };
		3F784BAC198678BD00D277EE /* Race to the Top-Info.plist */ = {isa = PBXFileReference; lastKnownFileType = text.plist.xml; path = "Race to the Top-Info.plist"; sourceTree = "<group>"; };
		3F784BAE198678BD00D277EE /* en */ = {isa = PBXFileReference; lastKnownFileType = text.plist.strings; name = en; path = en.lproj/InfoPlist.strings; sourceTree = "<group>"; };
		3F784BB0198678BD00D277EE /* main.m */ = {isa = PBXFileReference; lastKnownFileType = sourcecode.c.objc; path = main.m; sourceTree = "<group>"; };
		3F784BB2198678BD00D277EE /* Race to the Top-Prefix.pch */ = {isa = PBXFileReference; lastKnownFileType = sourcecode.c.h; path = "Race to the Top-Prefix.pch"; sourceTree = "<group>"; };
		3F784BB3198678BD00D277EE /* EHAppDelegate.h */ = {isa = PBXFileReference; lastKnownFileType = sourcecode.c.h; path = EHAppDelegate.h; sourceTree = "<group>"; };
		3F784BB4198678BD00D277EE /* EHAppDelegate.m */ = {isa = PBXFileReference; lastKnownFileType = sourcecode.c.objc; path = EHAppDelegate.m; sourceTree = "<group>"; };
		3F784BB7198678BD00D277EE /* Base */ = {isa = PBXFileReference; lastKnownFileType = file.storyboard; name = Base; path = Base.lproj/Main.iPhone.storyboard; sourceTree = "<group>"; };
		3F784BB9198678BD00D277EE /* EHViewController.h */ = {isa = PBXFileReference; lastKnownFileType = sourcecode.c.h; path = EHViewController.h; sourceTree = "<group>"; };
		3F784BBA198678BD00D277EE /* EHViewController.m */ = {isa = PBXFileReference; lastKnownFileType = sourcecode.c.objc; path = EHViewController.m; sourceTree = "<group>"; };
		3F784BBC198678BD00D277EE /* Images.xcassets */ = {isa = PBXFileReference; lastKnownFileType = folder.assetcatalog; path = Images.xcassets; sourceTree = "<group>"; };
		3F784BC2198678BD00D277EE /* Race to the TopTests.xctest */ = {isa = PBXFileReference; explicitFileType = wrapper.cfbundle; includeInIndex = 0; path = "Race to the TopTests.xctest"; sourceTree = BUILT_PRODUCTS_DIR; };
		3F784BC3198678BD00D277EE /* XCTest.framework */ = {isa = PBXFileReference; lastKnownFileType = wrapper.framework; name = XCTest.framework; path = Library/Frameworks/XCTest.framework; sourceTree = DEVELOPER_DIR; };
		3F784BCB198678BD00D277EE /* Race to the TopTests-Info.plist */ = {isa = PBXFileReference; lastKnownFileType = text.plist.xml; path = "Race to the TopTests-Info.plist"; sourceTree = "<group>"; };
		3F784BCD198678BD00D277EE /* en */ = {isa = PBXFileReference; lastKnownFileType = text.plist.strings; name = en; path = en.lproj/InfoPlist.strings; sourceTree = "<group>"; };
		3F784BCF198678BD00D277EE /* Race_to_the_TopTests.m */ = {isa = PBXFileReference; lastKnownFileType = sourcecode.c.objc; path = Race_to_the_TopTests.m; sourceTree = "<group>"; };
		3F784BD9198678FD00D277EE /* EHSpaceShipView.h */ = {isa = PBXFileReference; fileEncoding = 4; lastKnownFileType = sourcecode.c.h; path = EHSpaceShipView.h; sourceTree = "<group>"; };
		3F784BDA198678FD00D277EE /* EHSpaceShipView.m */ = {isa = PBXFileReference; fileEncoding = 4; lastKnownFileType = sourcecode.c.objc; path = EHSpaceShipView.m; sourceTree = "<group>"; };
/* End PBXFileReference section */

/* Begin PBXFrameworksBuildPhase section */
		3F784B9E198678BD00D277EE /* Frameworks */ = {
			isa = PBXFrameworksBuildPhase;
			buildActionMask = 2147483647;
			files = (
				3F784BA7198678BD00D277EE /* CoreGraphics.framework in Frameworks */,
				3F784BA9198678BD00D277EE /* UIKit.framework in Frameworks */,
				3F784BA5198678BD00D277EE /* Foundation.framework in Frameworks */,
			);
			runOnlyForDeploymentPostprocessing = 0;
		};
		3F784BBF198678BD00D277EE /* Frameworks */ = {
			isa = PBXFrameworksBuildPhase;
			buildActionMask = 2147483647;
			files = (
				3F784BC4198678BD00D277EE /* XCTest.framework in Frameworks */,
				3F784BC6198678BD00D277EE /* UIKit.framework in Frameworks */,
				3F784BC5198678BD00D277EE /* Foundation.framework in Frameworks */,
			);
			runOnlyForDeploymentPostprocessing = 0;
		};
/* End PBXFrameworksBuildPhase section */

/* Begin PBXGroup section */
		3F784B98198678BC00D277EE = {
			isa = PBXGroup;
			children = (
				3F784BAA198678BD00D277EE /* Race to the Top */,
				3F784BC9198678BD00D277EE /* Race to the TopTests */,
				3F784BA3198678BD00D277EE /* Frameworks */,
				3F784BA2198678BD00D277EE /* Products */,
			);
			sourceTree = "<group>";
		};
		3F784BA2198678BD00D277EE /* Products */ = {
			isa = PBXGroup;
			children = (
				3F784BA1198678BD00D277EE /* Race to the Top.app */,
				3F784BC2198678BD00D277EE /* Race to the TopTests.xctest */,
			);
			name = Products;
			sourceTree = "<group>";
		};
		3F784BA3198678BD00D277EE /* Frameworks */ = {
			isa = PBXGroup;
			children = (
				3F784BA4198678BD00D277EE /* Foundation.framework */,
				3F784BA6198678BD00D277EE /* CoreGraphics.framework */,
				3F784BA8198678BD00D277EE /* UIKit.framework */,
				3F784BC3198678BD00D277EE /* XCTest.framework */,
			);
			name = Frameworks;
			sourceTree = "<group>";
		};
		3F784BAA198678BD00D277EE /* Race to the Top */ = {
			isa = PBXGroup;
			children = (
				3F784BB3198678BD00D277EE /* EHAppDelegate.h */,
				3F784BB4198678BD00D277EE /* EHAppDelegate.m */,
				3F784BB6198678BD00D277EE /* Main.iPhone.storyboard */,
				3F1F3DEF198687F2006437E4 /* Main.iPad.storyboard */,
				3F1F3DF619869AA6006437E4 /* EHPathView.h */,
				3F1F3DF719869AA6006437E4 /* EHPathView.m */,
				3F1F3DF319869719006437E4 /* EHMountainPath.h */,
				3F1F3DF419869719006437E4 /* EHMountainPath.m */,
				3F784BB9198678BD00D277EE /* EHViewController.h */,
				3F784BBA198678BD00D277EE /* EHViewController.m */,
				3F784BD9198678FD00D277EE /* EHSpaceShipView.h */,
				3F784BDA198678FD00D277EE /* EHSpaceShipView.m */,
				3F784BBC198678BD00D277EE /* Images.xcassets */,
				3F784BAB198678BD00D277EE /* Supporting Files */,
			);
			path = "Race to the Top";
			sourceTree = "<group>";
		};
		3F784BAB198678BD00D277EE /* Supporting Files */ = {
			isa = PBXGroup;
			children = (
				3F1F3DF1198689E7006437E4 /* mount-fuji-and-mount-hoei.jpg */,
				3F784BAC198678BD00D277EE /* Race to the Top-Info.plist */,
				3F784BAD198678BD00D277EE /* InfoPlist.strings */,
				3F784BB0198678BD00D277EE /* main.m */,
				3F784BB2198678BD00D277EE /* Race to the Top-Prefix.pch */,
			);
			name = "Supporting Files";
			sourceTree = "<group>";
		};
		3F784BC9198678BD00D277EE /* Race to the TopTests */ = {
			isa = PBXGroup;
			children = (
				3F784BCF198678BD00D277EE /* Race_to_the_TopTests.m */,
				3F784BCA198678BD00D277EE /* Supporting Files */,
			);
			path = "Race to the TopTests";
			sourceTree = "<group>";
		};
		3F784BCA198678BD00D277EE /* Supporting Files */ = {
			isa = PBXGroup;
			children = (
				3F784BCB198678BD00D277EE /* Race to the TopTests-Info.plist */,
				3F784BCC198678BD00D277EE /* InfoPlist.strings */,
			);
			name = "Supporting Files";
			sourceTree = "<group>";
		};
/* End PBXGroup section */

/* Begin PBXNativeTarget section */
		3F784BA0198678BD00D277EE /* Race to the Top */ = {
			isa = PBXNativeTarget;
			buildConfigurationList = 3F784BD3198678BD00D277EE /* Build configuration list for PBXNativeTarget "Race to the Top" */;
			buildPhases = (
				3F784B9D198678BD00D277EE /* Sources */,
				3F784B9E198678BD00D277EE /* Frameworks */,
				3F784B9F198678BD00D277EE /* Resources */,
			);
			buildRules = (
			);
			dependencies = (
			);
			name = "Race to the Top";
			productName = "Race to the Top";
			productReference = 3F784BA1198678BD00D277EE /* Race to the Top.app */;
			productType = "com.apple.product-type.application";
		};
		3F784BC1198678BD00D277EE /* Race to the TopTests */ = {
			isa = PBXNativeTarget;
			buildConfigurationList = 3F784BD6198678BD00D277EE /* Build configuration list for PBXNativeTarget "Race to the TopTests" */;
			buildPhases = (
				3F784BBE198678BD00D277EE /* Sources */,
				3F784BBF198678BD00D277EE /* Frameworks */,
				3F784BC0198678BD00D277EE /* Resources */,
			);
			buildRules = (
			);
			dependencies = (
				3F784BC8198678BD00D277EE /* PBXTargetDependency */,
			);
			name = "Race to the TopTests";
			productName = "Race to the TopTests";
			productReference = 3F784BC2198678BD00D277EE /* Race to the TopTests.xctest */;
			productType = "com.apple.product-type.bundle.unit-test";
		};
/* End PBXNativeTarget section */

/* Begin PBXProject section */
		3F784B99198678BD00D277EE /* Project object */ = {
			isa = PBXProject;
			attributes = {
				CLASSPREFIX = EH;
				LastUpgradeCheck = 0510;
				ORGANIZATIONNAME = Keydood;
				TargetAttributes = {
					3F784BC1198678BD00D277EE = {
						TestTargetID = 3F784BA0198678BD00D277EE;
					};
				};
			};
			buildConfigurationList = 3F784B9C198678BD00D277EE /* Build configuration list for PBXProject "Race to the Top" */;
			compatibilityVersion = "Xcode 3.2";
			developmentRegion = English;
			hasScannedForEncodings = 0;
			knownRegions = (
				en,
				Base,
			);
			mainGroup = 3F784B98198678BC00D277EE;
			productRefGroup = 3F784BA2198678BD00D277EE /* Products */;
			projectDirPath = "";
			projectRoot = "";
			targets = (
				3F784BA0198678BD00D277EE /* Race to the Top */,
				3F784BC1198678BD00D277EE /* Race to the TopTests */,
			);
		};
/* End PBXProject section */

/* Begin PBXResourcesBuildPhase section */
		3F784B9F198678BD00D277EE /* Resources */ = {
			isa = PBXResourcesBuildPhase;
			buildActionMask = 2147483647;
			files = (
				3F1F3DF2198689E7006437E4 /* mount-fuji-and-mount-hoei.jpg in Resources */,
				3F1F3DF0198687F2006437E4 /* Main.iPad.storyboard in Resources */,
				3F784BBD198678BD00D277EE /* Images.xcassets in Resources */,
				3F784BAF198678BD00D277EE /* InfoPlist.strings in Resources */,
				3F784BB8198678BD00D277EE /* Main.iPhone.storyboard in Resources */,
			);
			runOnlyForDeploymentPostprocessing = 0;
		};
		3F784BC0198678BD00D277EE /* Resources */ = {
			isa = PBXResourcesBuildPhase;
			buildActionMask = 2147483647;
			files = (
				3F784BCE198678BD00D277EE /* InfoPlist.strings in Resources */,
			);
			runOnlyForDeploymentPostprocessing = 0;
		};
/* End PBXResourcesBuildPhase section */

/* Begin PBXSourcesBuildPhase section */
		3F784B9D198678BD00D277EE /* Sources */ = {
			isa = PBXSourcesBuildPhase;
			buildActionMask = 2147483647;
			files = (
				3F784BDB198678FD00D277EE /* EHSpaceShipView.m in Sources */,
				3F784BBB198678BD00D277EE /* EHViewController.m in Sources */,
				3F784BB1198678BD00D277EE /* main.m in Sources */,
				3F784BB5198678BD00D277EE /* EHAppDelegate.m in Sources */,
				3F1F3DF819869AA6006437E4 /* EHPathView.m in Sources */,
				3F1F3DF519869719006437E4 /* EHMountainPath.m in Sources */,
			);
			runOnlyForDeploymentPostprocessing = 0;
		};
		3F784BBE198678BD00D277EE /* Sources */ = {
			isa = PBXSourcesBuildPhase;
			buildActionMask = 2147483647;
			files = (
				3F784BD0198678BD00D277EE /* Race_to_the_TopTests.m in Sources */,
			);
			runOnlyForDeploymentPostprocessing = 0;
		};
/* End PBXSourcesBuildPhase section */

/* Begin PBXTargetDependency section */
		3F784BC8198678BD00D277EE /* PBXTargetDependency */ = {
			isa = PBXTargetDependency;
			target = 3F784BA0198678BD00D277EE /* Race to the Top */;
			targetProxy = 3F784BC7198678BD00D277EE /* PBXContainerItemProxy */;
		};
/* End PBXTargetDependency section */

/* Begin PBXVariantGroup section */
		3F784BAD198678BD00D277EE /* InfoPlist.strings */ = {
			isa = PBXVariantGroup;
			children = (
				3F784BAE198678BD00D277EE /* en */,
			);
			name = InfoPlist.strings;
			sourceTree = "<group>";
		};
		3F784BB6198678BD00D277EE /* Main.iPhone.storyboard */ = {
			isa = PBXVariantGroup;
			children = (
				3F784BB7198678BD00D277EE /* Base */,
			);
			name = Main.iPhone.storyboard;
			sourceTree = "<group>";
		};
		3F784BCC198678BD00D277EE /* InfoPlist.strings */ = {
			isa = PBXVariantGroup;
			children = (
				3F784BCD198678BD00D277EE /* en */,
			);
			name = InfoPlist.strings;
			sourceTree = "<group>";
		};
/* End PBXVariantGroup section */

/* Begin XCBuildConfiguration section */
		3F784BD1198678BD00D277EE /* Debug */ = {
			isa = XCBuildConfiguration;
			buildSettings = {
				ALWAYS_SEARCH_USER_PATHS = NO;
				CLANG_CXX_LANGUAGE_STANDARD = "gnu++0x";
				CLANG_CXX_LIBRARY = "libc++";
				CLANG_ENABLE_MODULES = YES;
				CLANG_ENABLE_OBJC_ARC = YES;
				CLANG_WARN_BOOL_CONVERSION = YES;
				CLANG_WARN_CONSTANT_CONVERSION = YES;
				CLANG_WARN_DIRECT_OBJC_ISA_USAGE = YES_ERROR;
				CLANG_WARN_EMPTY_BODY = YES;
				CLANG_WARN_ENUM_CONVERSION = YES;
				CLANG_WARN_INT_CONVERSION = YES;
				CLANG_WARN_OBJC_ROOT_CLASS = YES_ERROR;
				CLANG_WARN__DUPLICATE_METHOD_MATCH = YES;
				"CODE_SIGN_IDENTITY[sdk=iphoneos*]" = "iPhone Developer";
				COPY_PHASE_STRIP = NO;
				GCC_C_LANGUAGE_STANDARD = gnu99;
				GCC_DYNAMIC_NO_PIC = NO;
				GCC_OPTIMIZATION_LEVEL = 0;
				GCC_PREPROCESSOR_DEFINITIONS = (
					"DEBUG=1",
					"$(inherited)",
				);
				GCC_SYMBOLS_PRIVATE_EXTERN = NO;
				GCC_WARN_64_TO_32_BIT_CONVERSION = YES;
				GCC_WARN_ABOUT_RETURN_TYPE = YES_ERROR;
				GCC_WARN_UNDECLARED_SELECTOR = YES;
				GCC_WARN_UNINITIALIZED_AUTOS = YES_AGGRESSIVE;
				GCC_WARN_UNUSED_FUNCTION = YES;
				GCC_WARN_UNUSED_VARIABLE = YES;
				IPHONEOS_DEPLOYMENT_TARGET = 7.1;
				ONLY_ACTIVE_ARCH = YES;
				SDKROOT = iphoneos;
			};
			name = Debug;
		};
		3F784BD2198678BD00D277EE /* Release */ = {
			isa = XCBuildConfiguration;
			buildSettings = {
				ALWAYS_SEARCH_USER_PATHS = NO;
				CLANG_CXX_LANGUAGE_STANDARD = "gnu++0x";
				CLANG_CXX_LIBRARY = "libc++";
				CLANG_ENABLE_MODULES = YES;
				CLANG_ENABLE_OBJC_ARC = YES;
				CLANG_WARN_BOOL_CONVERSION = YES;
				CLANG_WARN_CONSTANT_CONVERSION = YES;
				CLANG_WARN_DIRECT_OBJC_ISA_USAGE = YES_ERROR;
				CLANG_WARN_EMPTY_BODY = YES;
				CLANG_WARN_ENUM_CONVERSION = YES;
				CLANG_WARN_INT_CONVERSION = YES;
				CLANG_WARN_OBJC_ROOT_CLASS = YES_ERROR;
				CLANG_WARN__DUPLICATE_METHOD_MATCH = YES;
				"CODE_SIGN_IDENTITY[sdk=iphoneos*]" = "iPhone Developer";
				COPY_PHASE_STRIP = YES;
				ENABLE_NS_ASSERTIONS = NO;
				GCC_C_LANGUAGE_STANDARD = gnu99;
				GCC_WARN_64_TO_32_BIT_CONVERSION = YES;
				GCC_WARN_ABOUT_RETURN_TYPE = YES_ERROR;
				GCC_WARN_UNDECLARED_SELECTOR = YES;
				GCC_WARN_UNINITIALIZED_AUTOS = YES_AGGRESSIVE;
				GCC_WARN_UNUSED_FUNCTION = YES;
				GCC_WARN_UNUSED_VARIABLE = YES;
				IPHONEOS_DEPLOYMENT_TARGET = 7.1;
				SDKROOT = iphoneos;
				VALIDATE_PRODUCT = YES;
			};
			name = Release;
		};
		3F784BD4198678BD00D277EE /* Debug */ = {
			isa = XCBuildConfiguration;
			buildSettings = {
				ASSETCATALOG_COMPILER_APPICON_NAME = AppIcon;
				ASSETCATALOG_COMPILER_LAUNCHIMAGE_NAME = LaunchImage;
				GCC_PRECOMPILE_PREFIX_HEADER = YES;
				GCC_PREFIX_HEADER = "Race to the Top/Race to the Top-Prefix.pch";
				INFOPLIST_FILE = "Race to the Top/Race to the Top-Info.plist";
				IPHONEOS_DEPLOYMENT_TARGET = 7.1;
				PRODUCT_NAME = "$(TARGET_NAME)";
				TARGETED_DEVICE_FAMILY = "1,2";
				WRAPPER_EXTENSION = app;
			};
			name = Debug;
		};
		3F784BD5198678BD00D277EE /* Release */ = {
			isa = XCBuildConfiguration;
			buildSettings = {
				ASSETCATALOG_COMPILER_APPICON_NAME = AppIcon;
				ASSETCATALOG_COMPILER_LAUNCHIMAGE_NAME = LaunchImage;
				GCC_PRECOMPILE_PREFIX_HEADER = YES;
				GCC_PREFIX_HEADER = "Race to the Top/Race to the Top-Prefix.pch";
				INFOPLIST_FILE = "Race to the Top/Race to the Top-Info.plist";
				IPHONEOS_DEPLOYMENT_TARGET = 7.1;
				PRODUCT_NAME = "$(TARGET_NAME)";
				TARGETED_DEVICE_FAMILY = "1,2";
				WRAPPER_EXTENSION = app;
			};
			name = Release;
		};
		3F784BD7198678BD00D277EE /* Debug */ = {
			isa = XCBuildConfiguration;
			buildSettings = {
				BUNDLE_LOADER = "$(BUILT_PRODUCTS_DIR)/Race to the Top.app/Race to the Top";
				FRAMEWORK_SEARCH_PATHS = (
					"$(SDKROOT)/Developer/Library/Frameworks",
					"$(inherited)",
					"$(DEVELOPER_FRAMEWORKS_DIR)",
				);
				GCC_PRECOMPILE_PREFIX_HEADER = YES;
				GCC_PREFIX_HEADER = "Race to the Top/Race to the Top-Prefix.pch";
				GCC_PREPROCESSOR_DEFINITIONS = (
					"DEBUG=1",
					"$(inherited)",
				);
				INFOPLIST_FILE = "Race to the TopTests/Race to the TopTests-Info.plist";
				PRODUCT_NAME = "$(TARGET_NAME)";
				TEST_HOST = "$(BUNDLE_LOADER)";
				WRAPPER_EXTENSION = xctest;
			};
			name = Debug;
		};
		3F784BD8198678BD00D277EE /* Release */ = {
			isa = XCBuildConfiguration;
			buildSettings = {
				BUNDLE_LOADER = "$(BUILT_PRODUCTS_DIR)/Race to the Top.app/Race to the Top";
				FRAMEWORK_SEARCH_PATHS = (
					"$(SDKROOT)/Developer/Library/Frameworks",
					"$(inherited)",
					"$(DEVELOPER_FRAMEWORKS_DIR)",
				);
				GCC_PRECOMPILE_PREFIX_HEADER = YES;
				GCC_PREFIX_HEADER = "Race to the Top/Race to the Top-Prefix.pch";
				INFOPLIST_FILE = "Race to the TopTests/Race to the TopTests-Info.plist";
				PRODUCT_NAME = "$(TARGET_NAME)";
				TEST_HOST = "$(BUNDLE_LOADER)";
				WRAPPER_EXTENSION = xctest;
			};
			name = Release;
		};
/* End XCBuildConfiguration section */

/* Begin XCConfigurationList section */
		3F784B9C198678BD00D277EE /* Build configuration list for PBXProject "Race to the Top" */ = {
			isa = XCConfigurationList;
			buildConfigurations = (
				3F784BD1198678BD00D277EE /* Debug */,
				3F784BD2198678BD00D277EE /* Release */,
			);
			defaultConfigurationIsVisible = 0;
			defaultConfigurationName = Release;
		};
		3F784BD3198678BD00D277EE /* Build configuration list for PBXNativeTarget "Race to the Top" */ = {
			isa = XCConfigurationList;
			buildConfigurations = (
				3F784BD4198678BD00D277EE /* Debug */,
				3F784BD5198678BD00D277EE /* Release */,
			);
			defaultConfigurationIsVisible = 0;
			defaultConfigurationName = Release;
		};
		3F784BD6198678BD00D277EE /* Build configuration list for PBXNativeTarget "Race to the TopTests" */ = {
			isa = XCConfigurationList;
			buildConfigurations = (
				3F784BD7198678BD00D277EE /* Debug */,
				3F784BD8198678BD00D277EE /* Release */,
			);
			defaultConfigurationIsVisible = 0;
			defaultConfigurationName = Release;
		};
/* End XCConfigurationList section */
	};
	rootObject = 3F784B99198678BD00D277EE /* Project object */;
}
